
Microsoft Visual Studio Solution File, Format Version 12.00
# Visual Studio 2013
VisualStudioVersion = 12.0.40629.0
MinimumVisualStudioVersion = 10.0.40219.1
Project("{159641D6-6404-4A2A-AE62-294DE0FE8301}") = "Warehouse Post Process", "ETL\Warehouse Post Process\Warehouse Post Process.dtproj", "{FF43F8C2-D282-4E45-A437-D098B3129640}"
EndProject
Project("{2150E333-8FDC-42A3-9474-1A3956D46DE8}") = "ETL", "ETL", "{06A4240A-CB2C-474D-83B0-CB0CDBD6E11F}"
EndProject
Project("{2150E333-8FDC-42A3-9474-1A3956D46DE8}") = "Database", "Database", "{4799BC22-C493-442F-BF86-847077354497}"
EndProject
Project("{2150E333-8FDC-42A3-9474-1A3956D46DE8}") = "Analysis", "Analysis", "{B3775420-3A7F-49C1-A0C5-82C4EC390718}"
EndProject
Project("{6870E480-7721-4708-BFB8-9AE898AA21B3}") = "Centric Analytics", "Analysis\Centric Analytics\Centric Analytics.smproj", "{8CE414BB-95B2-4C99-9E03-51BA72086E22}"
EndProject
Project("{F14B399A-7131-4C87-9E4B-1186C45EF12D}") = "Centric Reporting", "Analysis\Centric Reporting\Centric Reporting.rptproj", "{83EAA3F6-54DC-482B-A778-31A5DF14F599}"
EndProject
Project("{00D1A9C2-B5F0-4AF3-8072-F6C62B433612}") = "Warehouse", "Database\Warehouse\Warehouse.sqlproj", "{F5E850E2-1E04-4C44-8F34-B6DB2DB37DB1}"
EndProject
Project("{00D1A9C2-B5F0-4AF3-8072-F6C62B433612}") = "Audit", "Database\Audit\Audit.sqlproj", "{1C3B0AE9-C3E9-4FF5-A3B6-996FD87C2FD7}"
EndProject
Project("{159641D6-6404-4A2A-AE62-294DE0FE8301}") = "Staging Governance To Warehouse", "ETL\Staging Governance To Warehouse\Staging Governance To Warehouse.dtproj", "{E828CBBE-C480-45BF-9FAD-4C897D488342}"
EndProject
Project("{00D1A9C2-B5F0-4AF3-8072-F6C62B433612}") = "Staging Governance", "Database\Staging Governance\Staging Governance.sqlproj", "{E1CC4A8C-3AF9-4FF2-B66B-BFCA2648BB2E}"
EndProject
Project("{00D1A9C2-B5F0-4AF3-8072-F6C62B433612}") = "Mart", "Database\Mart\Mart.sqlproj", "{04A8CB7E-003E-44CB-8ADA-90720A6D56F1}"
EndProject
Project("{00D1A9C2-B5F0-4AF3-8072-F6C62B433612}") = "Staging AW", "Database\Staging AW\Staging AW.sqlproj", "{9033DB60-4D06-4C65-8507-7E95077B659E}"
EndProject
Project("{159641D6-6404-4A2A-AE62-294DE0FE8301}") = "Warehouse To Mart", "ETL\Warehouse To Mart\Warehouse To Mart.dtproj", "{2A5AC230-4227-4DEE-A30C-B91F6CD51130}"
EndProject
Project("{159641D6-6404-4A2A-AE62-294DE0FE8301}") = "Staging AW To Warehouse", "ETL\Staging AW To Warehouse\Staging AW To Warehouse.dtproj", "{B8B5EA76-2C4F-44EE-9A08-E5B90448A437}"
EndProject
Project("{159641D6-6404-4A2A-AE62-294DE0FE8301}") = "Source AW To Staging AW", "ETL\Source AW To Staging AW\Source AW To Staging AW.dtproj", "{04D9758C-850A-4AAD-A475-F112A20FCC70}"
EndProject
Global
	GlobalSection(SolutionConfigurationPlatforms) = preSolution
		Debug|Any CPU = Debug|Any CPU
		Debug|Mixed Platforms = Debug|Mixed Platforms
		Debug|x86 = Debug|x86
		Development|Any CPU = Development|Any CPU
		Development|Mixed Platforms = Development|Mixed Platforms
		Development|x86 = Development|x86
		Production|Any CPU = Production|Any CPU
		Production|Mixed Platforms = Production|Mixed Platforms
		Production|x86 = Production|x86
		Productoin|Any CPU = Productoin|Any CPU
		Productoin|Mixed Platforms = Productoin|Mixed Platforms
		Productoin|x86 = Productoin|x86
		Release|Any CPU = Release|Any CPU
		Release|Mixed Platforms = Release|Mixed Platforms
		Release|x86 = Release|x86
		UAT|Any CPU = UAT|Any CPU
		UAT|Mixed Platforms = UAT|Mixed Platforms
		UAT|x86 = UAT|x86
	EndGlobalSection
	GlobalSection(ProjectConfigurationPlatforms) = postSolution
		{FF43F8C2-D282-4E45-A437-D098B3129640}.Debug|Any CPU.ActiveCfg = Development
		{FF43F8C2-D282-4E45-A437-D098B3129640}.Debug|Any CPU.Build.0 = Development
		{FF43F8C2-D282-4E45-A437-D098B3129640}.Debug|Mixed Platforms.ActiveCfg = Development
		{FF43F8C2-D282-4E45-A437-D098B3129640}.Debug|Mixed Platforms.Build.0 = Development
		{FF43F8C2-D282-4E45-A437-D098B3129640}.Debug|x86.ActiveCfg = Development
		{FF43F8C2-D282-4E45-A437-D098B3129640}.Debug|x86.Build.0 = Development
		{FF43F8C2-D282-4E45-A437-D098B3129640}.Development|Any CPU.ActiveCfg = Development
		{FF43F8C2-D282-4E45-A437-D098B3129640}.Development|Any CPU.Build.0 = Development
		{FF43F8C2-D282-4E45-A437-D098B3129640}.Development|Mixed Platforms.ActiveCfg = Development
		{FF43F8C2-D282-4E45-A437-D098B3129640}.Development|Mixed Platforms.Build.0 = Development
		{FF43F8C2-D282-4E45-A437-D098B3129640}.Development|x86.ActiveCfg = Development
		{FF43F8C2-D282-4E45-A437-D098B3129640}.Development|x86.Build.0 = Development
		{FF43F8C2-D282-4E45-A437-D098B3129640}.Production|Any CPU.ActiveCfg = Production
		{FF43F8C2-D282-4E45-A437-D098B3129640}.Production|Any CPU.Build.0 = Production
		{FF43F8C2-D282-4E45-A437-D098B3129640}.Production|Mixed Platforms.ActiveCfg = Production
		{FF43F8C2-D282-4E45-A437-D098B3129640}.Production|Mixed Platforms.Build.0 = Production
		{FF43F8C2-D282-4E45-A437-D098B3129640}.Production|x86.ActiveCfg = Production
		{FF43F8C2-D282-4E45-A437-D098B3129640}.Production|x86.Build.0 = Production
		{FF43F8C2-D282-4E45-A437-D098B3129640}.Productoin|Any CPU.ActiveCfg = Productoin
		{FF43F8C2-D282-4E45-A437-D098B3129640}.Productoin|Any CPU.Build.0 = Productoin
		{FF43F8C2-D282-4E45-A437-D098B3129640}.Productoin|Mixed Platforms.ActiveCfg = Productoin
		{FF43F8C2-D282-4E45-A437-D098B3129640}.Productoin|Mixed Platforms.Build.0 = Productoin
		{FF43F8C2-D282-4E45-A437-D098B3129640}.Productoin|x86.ActiveCfg = Productoin
		{FF43F8C2-D282-4E45-A437-D098B3129640}.Productoin|x86.Build.0 = Productoin
		{FF43F8C2-D282-4E45-A437-D098B3129640}.Release|Any CPU.ActiveCfg = UAT
		{FF43F8C2-D282-4E45-A437-D098B3129640}.Release|Any CPU.Build.0 = UAT
		{FF43F8C2-D282-4E45-A437-D098B3129640}.Release|Mixed Platforms.ActiveCfg = UAT
		{FF43F8C2-D282-4E45-A437-D098B3129640}.Release|Mixed Platforms.Build.0 = UAT
		{FF43F8C2-D282-4E45-A437-D098B3129640}.Release|x86.ActiveCfg = UAT
		{FF43F8C2-D282-4E45-A437-D098B3129640}.Release|x86.Build.0 = UAT
		{FF43F8C2-D282-4E45-A437-D098B3129640}.UAT|Any CPU.ActiveCfg = UAT
		{FF43F8C2-D282-4E45-A437-D098B3129640}.UAT|Any CPU.Build.0 = UAT
		{FF43F8C2-D282-4E45-A437-D098B3129640}.UAT|Mixed Platforms.ActiveCfg = UAT
		{FF43F8C2-D282-4E45-A437-D098B3129640}.UAT|Mixed Platforms.Build.0 = UAT
		{FF43F8C2-D282-4E45-A437-D098B3129640}.UAT|x86.ActiveCfg = UAT
		{FF43F8C2-D282-4E45-A437-D098B3129640}.UAT|x86.Build.0 = UAT
		{8CE414BB-95B2-4C99-9E03-51BA72086E22}.Debug|Any CPU.ActiveCfg = Development|x86
		{8CE414BB-95B2-4C99-9E03-51BA72086E22}.Debug|Mixed Platforms.ActiveCfg = Development|x86
		{8CE414BB-95B2-4C99-9E03-51BA72086E22}.Debug|Mixed Platforms.Build.0 = Development|x86
		{8CE414BB-95B2-4C99-9E03-51BA72086E22}.Debug|Mixed Platforms.Deploy.0 = Development|x86
		{8CE414BB-95B2-4C99-9E03-51BA72086E22}.Debug|x86.ActiveCfg = Development|x86
		{8CE414BB-95B2-4C99-9E03-51BA72086E22}.Debug|x86.Build.0 = Development|x86
		{8CE414BB-95B2-4C99-9E03-51BA72086E22}.Debug|x86.Deploy.0 = Development|x86
		{8CE414BB-95B2-4C99-9E03-51BA72086E22}.Development|Any CPU.ActiveCfg = Development|x86
		{8CE414BB-95B2-4C99-9E03-51BA72086E22}.Development|Mixed Platforms.ActiveCfg = Development|x86
		{8CE414BB-95B2-4C99-9E03-51BA72086E22}.Development|Mixed Platforms.Build.0 = Development|x86
		{8CE414BB-95B2-4C99-9E03-51BA72086E22}.Development|Mixed Platforms.Deploy.0 = Development|x86
		{8CE414BB-95B2-4C99-9E03-51BA72086E22}.Development|x86.ActiveCfg = Development|x86
		{8CE414BB-95B2-4C99-9E03-51BA72086E22}.Development|x86.Build.0 = Development|x86
		{8CE414BB-95B2-4C99-9E03-51BA72086E22}.Development|x86.Deploy.0 = Development|x86
		{8CE414BB-95B2-4C99-9E03-51BA72086E22}.Production|Any CPU.ActiveCfg = Production|x86
		{8CE414BB-95B2-4C99-9E03-51BA72086E22}.Production|Any CPU.Build.0 = Production|x86
		{8CE414BB-95B2-4C99-9E03-51BA72086E22}.Production|Any CPU.Deploy.0 = Production|x86
		{8CE414BB-95B2-4C99-9E03-51BA72086E22}.Production|Mixed Platforms.ActiveCfg = Production|x86
		{8CE414BB-95B2-4C99-9E03-51BA72086E22}.Production|Mixed Platforms.Build.0 = Production|x86
		{8CE414BB-95B2-4C99-9E03-51BA72086E22}.Production|Mixed Platforms.Deploy.0 = Production|x86
		{8CE414BB-95B2-4C99-9E03-51BA72086E22}.Production|x86.ActiveCfg = Production|x86
		{8CE414BB-95B2-4C99-9E03-51BA72086E22}.Production|x86.Deploy.0 = Production|x86
		{8CE414BB-95B2-4C99-9E03-51BA72086E22}.Productoin|Any CPU.ActiveCfg = Productoin|x86
		{8CE414BB-95B2-4C99-9E03-51BA72086E22}.Productoin|Mixed Platforms.ActiveCfg = Productoin|x86
		{8CE414BB-95B2-4C99-9E03-51BA72086E22}.Productoin|Mixed Platforms.Build.0 = Productoin|x86
		{8CE414BB-95B2-4C99-9E03-51BA72086E22}.Productoin|Mixed Platforms.Deploy.0 = Productoin|x86
		{8CE414BB-95B2-4C99-9E03-51BA72086E22}.Productoin|x86.ActiveCfg = Productoin|x86
		{8CE414BB-95B2-4C99-9E03-51BA72086E22}.Productoin|x86.Build.0 = Productoin|x86
		{8CE414BB-95B2-4C99-9E03-51BA72086E22}.Productoin|x86.Deploy.0 = Productoin|x86
		{8CE414BB-95B2-4C99-9E03-51BA72086E22}.Release|Any CPU.ActiveCfg = UAT|x86
		{8CE414BB-95B2-4C99-9E03-51BA72086E22}.Release|Mixed Platforms.ActiveCfg = UAT|x86
		{8CE414BB-95B2-4C99-9E03-51BA72086E22}.Release|Mixed Platforms.Build.0 = UAT|x86
		{8CE414BB-95B2-4C99-9E03-51BA72086E22}.Release|Mixed Platforms.Deploy.0 = UAT|x86
		{8CE414BB-95B2-4C99-9E03-51BA72086E22}.Release|x86.ActiveCfg = UAT|x86
		{8CE414BB-95B2-4C99-9E03-51BA72086E22}.Release|x86.Build.0 = UAT|x86
		{8CE414BB-95B2-4C99-9E03-51BA72086E22}.Release|x86.Deploy.0 = UAT|x86
		{8CE414BB-95B2-4C99-9E03-51BA72086E22}.UAT|Any CPU.ActiveCfg = UAT|x86
		{8CE414BB-95B2-4C99-9E03-51BA72086E22}.UAT|Mixed Platforms.ActiveCfg = UAT|x86
		{8CE414BB-95B2-4C99-9E03-51BA72086E22}.UAT|Mixed Platforms.Build.0 = UAT|x86
		{8CE414BB-95B2-4C99-9E03-51BA72086E22}.UAT|Mixed Platforms.Deploy.0 = UAT|x86
		{8CE414BB-95B2-4C99-9E03-51BA72086E22}.UAT|x86.ActiveCfg = UAT|x86
		{8CE414BB-95B2-4C99-9E03-51BA72086E22}.UAT|x86.Build.0 = UAT|x86
		{8CE414BB-95B2-4C99-9E03-51BA72086E22}.UAT|x86.Deploy.0 = UAT|x86
		{83EAA3F6-54DC-482B-A778-31A5DF14F599}.Debug|Any CPU.ActiveCfg = Debug
		{83EAA3F6-54DC-482B-A778-31A5DF14F599}.Debug|Any CPU.Build.0 = Debug
		{83EAA3F6-54DC-482B-A778-31A5DF14F599}.Debug|Any CPU.Deploy.0 = Debug
		{83EAA3F6-54DC-482B-A778-31A5DF14F599}.Debug|Mixed Platforms.ActiveCfg = Debug
		{83EAA3F6-54DC-482B-A778-31A5DF14F599}.Debug|Mixed Platforms.Build.0 = Debug
		{83EAA3F6-54DC-482B-A778-31A5DF14F599}.Debug|Mixed Platforms.Deploy.0 = Debug
		{83EAA3F6-54DC-482B-A778-31A5DF14F599}.Debug|x86.ActiveCfg = Debug
		{83EAA3F6-54DC-482B-A778-31A5DF14F599}.Debug|x86.Build.0 = Debug
		{83EAA3F6-54DC-482B-A778-31A5DF14F599}.Debug|x86.Deploy.0 = Debug
		{83EAA3F6-54DC-482B-A778-31A5DF14F599}.Development|Any CPU.ActiveCfg = DebugLocal
		{83EAA3F6-54DC-482B-A778-31A5DF14F599}.Development|Any CPU.Build.0 = DebugLocal
		{83EAA3F6-54DC-482B-A778-31A5DF14F599}.Development|Any CPU.Deploy.0 = DebugLocal
		{83EAA3F6-54DC-482B-A778-31A5DF14F599}.Development|Mixed Platforms.ActiveCfg = DebugLocal
		{83EAA3F6-54DC-482B-A778-31A5DF14F599}.Development|Mixed Platforms.Build.0 = DebugLocal
		{83EAA3F6-54DC-482B-A778-31A5DF14F599}.Development|Mixed Platforms.Deploy.0 = DebugLocal
		{83EAA3F6-54DC-482B-A778-31A5DF14F599}.Development|x86.ActiveCfg = DebugLocal
		{83EAA3F6-54DC-482B-A778-31A5DF14F599}.Development|x86.Build.0 = DebugLocal
		{83EAA3F6-54DC-482B-A778-31A5DF14F599}.Production|Any CPU.ActiveCfg = Production
		{83EAA3F6-54DC-482B-A778-31A5DF14F599}.Production|Any CPU.Build.0 = Production
		{83EAA3F6-54DC-482B-A778-31A5DF14F599}.Production|Any CPU.Deploy.0 = Production
		{83EAA3F6-54DC-482B-A778-31A5DF14F599}.Production|Mixed Platforms.ActiveCfg = Production
		{83EAA3F6-54DC-482B-A778-31A5DF14F599}.Production|Mixed Platforms.Build.0 = Production
		{83EAA3F6-54DC-482B-A778-31A5DF14F599}.Production|Mixed Platforms.Deploy.0 = Production
		{83EAA3F6-54DC-482B-A778-31A5DF14F599}.Production|x86.ActiveCfg = Production
		{83EAA3F6-54DC-482B-A778-31A5DF14F599}.Production|x86.Build.0 = Production
		{83EAA3F6-54DC-482B-A778-31A5DF14F599}.Production|x86.Deploy.0 = Production
		{83EAA3F6-54DC-482B-A778-31A5DF14F599}.Productoin|Any CPU.ActiveCfg = Productoin
		{83EAA3F6-54DC-482B-A778-31A5DF14F599}.Productoin|Any CPU.Build.0 = Productoin
		{83EAA3F6-54DC-482B-A778-31A5DF14F599}.Productoin|Any CPU.Deploy.0 = Productoin
		{83EAA3F6-54DC-482B-A778-31A5DF14F599}.Productoin|Mixed Platforms.ActiveCfg = Productoin
		{83EAA3F6-54DC-482B-A778-31A5DF14F599}.Productoin|Mixed Platforms.Build.0 = Productoin
		{83EAA3F6-54DC-482B-A778-31A5DF14F599}.Productoin|Mixed Platforms.Deploy.0 = Productoin
		{83EAA3F6-54DC-482B-A778-31A5DF14F599}.Productoin|x86.ActiveCfg = Productoin
		{83EAA3F6-54DC-482B-A778-31A5DF14F599}.Productoin|x86.Build.0 = Productoin
		{83EAA3F6-54DC-482B-A778-31A5DF14F599}.Productoin|x86.Deploy.0 = Productoin
		{83EAA3F6-54DC-482B-A778-31A5DF14F599}.Release|Any CPU.ActiveCfg = Release
		{83EAA3F6-54DC-482B-A778-31A5DF14F599}.Release|Any CPU.Build.0 = Release
		{83EAA3F6-54DC-482B-A778-31A5DF14F599}.Release|Any CPU.Deploy.0 = Release
		{83EAA3F6-54DC-482B-A778-31A5DF14F599}.Release|Mixed Platforms.ActiveCfg = Release
		{83EAA3F6-54DC-482B-A778-31A5DF14F599}.Release|Mixed Platforms.Build.0 = Release
		{83EAA3F6-54DC-482B-A778-31A5DF14F599}.Release|Mixed Platforms.Deploy.0 = Release
		{83EAA3F6-54DC-482B-A778-31A5DF14F599}.Release|x86.ActiveCfg = Release
		{83EAA3F6-54DC-482B-A778-31A5DF14F599}.Release|x86.Build.0 = Release
		{83EAA3F6-54DC-482B-A778-31A5DF14F599}.Release|x86.Deploy.0 = Release
		{83EAA3F6-54DC-482B-A778-31A5DF14F599}.UAT|Any CPU.ActiveCfg = UAT
		{83EAA3F6-54DC-482B-A778-31A5DF14F599}.UAT|Any CPU.Build.0 = UAT
		{83EAA3F6-54DC-482B-A778-31A5DF14F599}.UAT|Any CPU.Deploy.0 = UAT
		{83EAA3F6-54DC-482B-A778-31A5DF14F599}.UAT|Mixed Platforms.ActiveCfg = UAT
		{83EAA3F6-54DC-482B-A778-31A5DF14F599}.UAT|Mixed Platforms.Build.0 = UAT
		{83EAA3F6-54DC-482B-A778-31A5DF14F599}.UAT|Mixed Platforms.Deploy.0 = UAT
		{83EAA3F6-54DC-482B-A778-31A5DF14F599}.UAT|x86.ActiveCfg = UAT
		{83EAA3F6-54DC-482B-A778-31A5DF14F599}.UAT|x86.Build.0 = UAT
		{83EAA3F6-54DC-482B-A778-31A5DF14F599}.UAT|x86.Deploy.0 = UAT
		{F5E850E2-1E04-4C44-8F34-B6DB2DB37DB1}.Debug|Any CPU.ActiveCfg = Debug|Any CPU
		{F5E850E2-1E04-4C44-8F34-B6DB2DB37DB1}.Debug|Any CPU.Build.0 = Debug|Any CPU
		{F5E850E2-1E04-4C44-8F34-B6DB2DB37DB1}.Debug|Any CPU.Deploy.0 = Debug|Any CPU
		{F5E850E2-1E04-4C44-8F34-B6DB2DB37DB1}.Debug|Mixed Platforms.ActiveCfg = Debug|Any CPU
		{F5E850E2-1E04-4C44-8F34-B6DB2DB37DB1}.Debug|Mixed Platforms.Build.0 = Debug|Any CPU
		{F5E850E2-1E04-4C44-8F34-B6DB2DB37DB1}.Debug|Mixed Platforms.Deploy.0 = Debug|Any CPU
		{F5E850E2-1E04-4C44-8F34-B6DB2DB37DB1}.Debug|x86.ActiveCfg = Debug|Any CPU
		{F5E850E2-1E04-4C44-8F34-B6DB2DB37DB1}.Development|Any CPU.ActiveCfg = Debug|Any CPU
		{F5E850E2-1E04-4C44-8F34-B6DB2DB37DB1}.Development|Any CPU.Build.0 = Debug|Any CPU
		{F5E850E2-1E04-4C44-8F34-B6DB2DB37DB1}.Development|Any CPU.Deploy.0 = Debug|Any CPU
		{F5E850E2-1E04-4C44-8F34-B6DB2DB37DB1}.Development|Mixed Platforms.ActiveCfg = Debug|Any CPU
		{F5E850E2-1E04-4C44-8F34-B6DB2DB37DB1}.Development|Mixed Platforms.Build.0 = Debug|Any CPU
		{F5E850E2-1E04-4C44-8F34-B6DB2DB37DB1}.Development|Mixed Platforms.Deploy.0 = Debug|Any CPU
		{F5E850E2-1E04-4C44-8F34-B6DB2DB37DB1}.Development|x86.ActiveCfg = Debug|Any CPU
		{F5E850E2-1E04-4C44-8F34-B6DB2DB37DB1}.Production|Any CPU.ActiveCfg = Production|Any CPU
		{F5E850E2-1E04-4C44-8F34-B6DB2DB37DB1}.Production|Any CPU.Build.0 = Production|Any CPU
		{F5E850E2-1E04-4C44-8F34-B6DB2DB37DB1}.Production|Any CPU.Deploy.0 = Production|Any CPU
		{F5E850E2-1E04-4C44-8F34-B6DB2DB37DB1}.Production|Mixed Platforms.ActiveCfg = Production|Any CPU
		{F5E850E2-1E04-4C44-8F34-B6DB2DB37DB1}.Production|Mixed Platforms.Build.0 = Production|Any CPU
		{F5E850E2-1E04-4C44-8F34-B6DB2DB37DB1}.Production|Mixed Platforms.Deploy.0 = Production|Any CPU
		{F5E850E2-1E04-4C44-8F34-B6DB2DB37DB1}.Production|x86.ActiveCfg = Production|Any CPU
		{F5E850E2-1E04-4C44-8F34-B6DB2DB37DB1}.Productoin|Any CPU.ActiveCfg = Productoin|Any CPU
		{F5E850E2-1E04-4C44-8F34-B6DB2DB37DB1}.Productoin|Any CPU.Build.0 = Productoin|Any CPU
		{F5E850E2-1E04-4C44-8F34-B6DB2DB37DB1}.Productoin|Any CPU.Deploy.0 = Productoin|Any CPU
		{F5E850E2-1E04-4C44-8F34-B6DB2DB37DB1}.Productoin|Mixed Platforms.ActiveCfg = Productoin|Any CPU
		{F5E850E2-1E04-4C44-8F34-B6DB2DB37DB1}.Productoin|Mixed Platforms.Build.0 = Productoin|Any CPU
		{F5E850E2-1E04-4C44-8F34-B6DB2DB37DB1}.Productoin|Mixed Platforms.Deploy.0 = Productoin|Any CPU
		{F5E850E2-1E04-4C44-8F34-B6DB2DB37DB1}.Productoin|x86.ActiveCfg = Productoin|Any CPU
		{F5E850E2-1E04-4C44-8F34-B6DB2DB37DB1}.Release|Any CPU.ActiveCfg = Release|Any CPU
		{F5E850E2-1E04-4C44-8F34-B6DB2DB37DB1}.Release|Any CPU.Build.0 = Release|Any CPU
		{F5E850E2-1E04-4C44-8F34-B6DB2DB37DB1}.Release|Any CPU.Deploy.0 = Release|Any CPU
		{F5E850E2-1E04-4C44-8F34-B6DB2DB37DB1}.Release|Mixed Platforms.ActiveCfg = Release|Any CPU
		{F5E850E2-1E04-4C44-8F34-B6DB2DB37DB1}.Release|Mixed Platforms.Build.0 = Release|Any CPU
		{F5E850E2-1E04-4C44-8F34-B6DB2DB37DB1}.Release|Mixed Platforms.Deploy.0 = Release|Any CPU
		{F5E850E2-1E04-4C44-8F34-B6DB2DB37DB1}.Release|x86.ActiveCfg = Release|Any CPU
		{F5E850E2-1E04-4C44-8F34-B6DB2DB37DB1}.UAT|Any CPU.ActiveCfg = UAT|Any CPU
		{F5E850E2-1E04-4C44-8F34-B6DB2DB37DB1}.UAT|Any CPU.Build.0 = UAT|Any CPU
		{F5E850E2-1E04-4C44-8F34-B6DB2DB37DB1}.UAT|Any CPU.Deploy.0 = UAT|Any CPU
		{F5E850E2-1E04-4C44-8F34-B6DB2DB37DB1}.UAT|Mixed Platforms.ActiveCfg = UAT|Any CPU
		{F5E850E2-1E04-4C44-8F34-B6DB2DB37DB1}.UAT|Mixed Platforms.Build.0 = UAT|Any CPU
		{F5E850E2-1E04-4C44-8F34-B6DB2DB37DB1}.UAT|Mixed Platforms.Deploy.0 = UAT|Any CPU
		{F5E850E2-1E04-4C44-8F34-B6DB2DB37DB1}.UAT|x86.ActiveCfg = UAT|Any CPU
		{1C3B0AE9-C3E9-4FF5-A3B6-996FD87C2FD7}.Debug|Any CPU.ActiveCfg = Debug|Any CPU
		{1C3B0AE9-C3E9-4FF5-A3B6-996FD87C2FD7}.Debug|Any CPU.Build.0 = Debug|Any CPU
		{1C3B0AE9-C3E9-4FF5-A3B6-996FD87C2FD7}.Debug|Any CPU.Deploy.0 = Debug|Any CPU
		{1C3B0AE9-C3E9-4FF5-A3B6-996FD87C2FD7}.Debug|Mixed Platforms.ActiveCfg = Debug|Any CPU
		{1C3B0AE9-C3E9-4FF5-A3B6-996FD87C2FD7}.Debug|Mixed Platforms.Build.0 = Debug|Any CPU
		{1C3B0AE9-C3E9-4FF5-A3B6-996FD87C2FD7}.Debug|Mixed Platforms.Deploy.0 = Debug|Any CPU
		{1C3B0AE9-C3E9-4FF5-A3B6-996FD87C2FD7}.Debug|x86.ActiveCfg = Debug|Any CPU
		{1C3B0AE9-C3E9-4FF5-A3B6-996FD87C2FD7}.Development|Any CPU.ActiveCfg = Debug|Any CPU
		{1C3B0AE9-C3E9-4FF5-A3B6-996FD87C2FD7}.Development|Any CPU.Build.0 = Debug|Any CPU
		{1C3B0AE9-C3E9-4FF5-A3B6-996FD87C2FD7}.Development|Any CPU.Deploy.0 = Debug|Any CPU
		{1C3B0AE9-C3E9-4FF5-A3B6-996FD87C2FD7}.Development|Mixed Platforms.ActiveCfg = Debug|Any CPU
		{1C3B0AE9-C3E9-4FF5-A3B6-996FD87C2FD7}.Development|Mixed Platforms.Build.0 = Debug|Any CPU
		{1C3B0AE9-C3E9-4FF5-A3B6-996FD87C2FD7}.Development|Mixed Platforms.Deploy.0 = Debug|Any CPU
		{1C3B0AE9-C3E9-4FF5-A3B6-996FD87C2FD7}.Development|x86.ActiveCfg = Debug|Any CPU
		{1C3B0AE9-C3E9-4FF5-A3B6-996FD87C2FD7}.Production|Any CPU.ActiveCfg = Production|Any CPU
		{1C3B0AE9-C3E9-4FF5-A3B6-996FD87C2FD7}.Production|Any CPU.Build.0 = Production|Any CPU
		{1C3B0AE9-C3E9-4FF5-A3B6-996FD87C2FD7}.Production|Any CPU.Deploy.0 = Production|Any CPU
		{1C3B0AE9-C3E9-4FF5-A3B6-996FD87C2FD7}.Production|Mixed Platforms.ActiveCfg = Production|Any CPU
		{1C3B0AE9-C3E9-4FF5-A3B6-996FD87C2FD7}.Production|Mixed Platforms.Build.0 = Production|Any CPU
		{1C3B0AE9-C3E9-4FF5-A3B6-996FD87C2FD7}.Production|Mixed Platforms.Deploy.0 = Production|Any CPU
		{1C3B0AE9-C3E9-4FF5-A3B6-996FD87C2FD7}.Production|x86.ActiveCfg = Production|Any CPU
		{1C3B0AE9-C3E9-4FF5-A3B6-996FD87C2FD7}.Productoin|Any CPU.ActiveCfg = Productoin|Any CPU
		{1C3B0AE9-C3E9-4FF5-A3B6-996FD87C2FD7}.Productoin|Any CPU.Build.0 = Productoin|Any CPU
		{1C3B0AE9-C3E9-4FF5-A3B6-996FD87C2FD7}.Productoin|Any CPU.Deploy.0 = Productoin|Any CPU
		{1C3B0AE9-C3E9-4FF5-A3B6-996FD87C2FD7}.Productoin|Mixed Platforms.ActiveCfg = Productoin|Any CPU
		{1C3B0AE9-C3E9-4FF5-A3B6-996FD87C2FD7}.Productoin|Mixed Platforms.Build.0 = Productoin|Any CPU
		{1C3B0AE9-C3E9-4FF5-A3B6-996FD87C2FD7}.Productoin|Mixed Platforms.Deploy.0 = Productoin|Any CPU
		{1C3B0AE9-C3E9-4FF5-A3B6-996FD87C2FD7}.Productoin|x86.ActiveCfg = Productoin|Any CPU
		{1C3B0AE9-C3E9-4FF5-A3B6-996FD87C2FD7}.Release|Any CPU.ActiveCfg = Release|Any CPU
		{1C3B0AE9-C3E9-4FF5-A3B6-996FD87C2FD7}.Release|Any CPU.Build.0 = Release|Any CPU
		{1C3B0AE9-C3E9-4FF5-A3B6-996FD87C2FD7}.Release|Any CPU.Deploy.0 = Release|Any CPU
		{1C3B0AE9-C3E9-4FF5-A3B6-996FD87C2FD7}.Release|Mixed Platforms.ActiveCfg = Release|Any CPU
		{1C3B0AE9-C3E9-4FF5-A3B6-996FD87C2FD7}.Release|Mixed Platforms.Build.0 = Release|Any CPU
		{1C3B0AE9-C3E9-4FF5-A3B6-996FD87C2FD7}.Release|Mixed Platforms.Deploy.0 = Release|Any CPU
		{1C3B0AE9-C3E9-4FF5-A3B6-996FD87C2FD7}.Release|x86.ActiveCfg = Release|Any CPU
		{1C3B0AE9-C3E9-4FF5-A3B6-996FD87C2FD7}.UAT|Any CPU.ActiveCfg = UAT|Any CPU
		{1C3B0AE9-C3E9-4FF5-A3B6-996FD87C2FD7}.UAT|Any CPU.Build.0 = UAT|Any CPU
		{1C3B0AE9-C3E9-4FF5-A3B6-996FD87C2FD7}.UAT|Any CPU.Deploy.0 = UAT|Any CPU
		{1C3B0AE9-C3E9-4FF5-A3B6-996FD87C2FD7}.UAT|Mixed Platforms.ActiveCfg = UAT|Any CPU
		{1C3B0AE9-C3E9-4FF5-A3B6-996FD87C2FD7}.UAT|Mixed Platforms.Build.0 = UAT|Any CPU
		{1C3B0AE9-C3E9-4FF5-A3B6-996FD87C2FD7}.UAT|Mixed Platforms.Deploy.0 = UAT|Any CPU
		{1C3B0AE9-C3E9-4FF5-A3B6-996FD87C2FD7}.UAT|x86.ActiveCfg = UAT|Any CPU
		{E828CBBE-C480-45BF-9FAD-4C897D488342}.Debug|Any CPU.ActiveCfg = Development
		{E828CBBE-C480-45BF-9FAD-4C897D488342}.Debug|Any CPU.Build.0 = Development
		{E828CBBE-C480-45BF-9FAD-4C897D488342}.Debug|Mixed Platforms.ActiveCfg = Development
		{E828CBBE-C480-45BF-9FAD-4C897D488342}.Debug|Mixed Platforms.Build.0 = Development
		{E828CBBE-C480-45BF-9FAD-4C897D488342}.Debug|x86.ActiveCfg = Development
		{E828CBBE-C480-45BF-9FAD-4C897D488342}.Debug|x86.Build.0 = Development
		{E828CBBE-C480-45BF-9FAD-4C897D488342}.Development|Any CPU.ActiveCfg = Development
		{E828CBBE-C480-45BF-9FAD-4C897D488342}.Development|Any CPU.Build.0 = Development
		{E828CBBE-C480-45BF-9FAD-4C897D488342}.Development|Mixed Platforms.ActiveCfg = Development
		{E828CBBE-C480-45BF-9FAD-4C897D488342}.Development|Mixed Platforms.Build.0 = Development
		{E828CBBE-C480-45BF-9FAD-4C897D488342}.Development|x86.ActiveCfg = Development
		{E828CBBE-C480-45BF-9FAD-4C897D488342}.Development|x86.Build.0 = Development
		{E828CBBE-C480-45BF-9FAD-4C897D488342}.Production|Any CPU.ActiveCfg = Production
		{E828CBBE-C480-45BF-9FAD-4C897D488342}.Production|Any CPU.Build.0 = Production
		{E828CBBE-C480-45BF-9FAD-4C897D488342}.Production|Mixed Platforms.ActiveCfg = Production
		{E828CBBE-C480-45BF-9FAD-4C897D488342}.Production|Mixed Platforms.Build.0 = Production
		{E828CBBE-C480-45BF-9FAD-4C897D488342}.Production|x86.ActiveCfg = Production
		{E828CBBE-C480-45BF-9FAD-4C897D488342}.Production|x86.Build.0 = Production
		{E828CBBE-C480-45BF-9FAD-4C897D488342}.Productoin|Any CPU.ActiveCfg = Productoin
		{E828CBBE-C480-45BF-9FAD-4C897D488342}.Productoin|Any CPU.Build.0 = Productoin
		{E828CBBE-C480-45BF-9FAD-4C897D488342}.Productoin|Mixed Platforms.ActiveCfg = Productoin
		{E828CBBE-C480-45BF-9FAD-4C897D488342}.Productoin|Mixed Platforms.Build.0 = Productoin
		{E828CBBE-C480-45BF-9FAD-4C897D488342}.Productoin|x86.ActiveCfg = Productoin
		{E828CBBE-C480-45BF-9FAD-4C897D488342}.Productoin|x86.Build.0 = Productoin
		{E828CBBE-C480-45BF-9FAD-4C897D488342}.Release|Any CPU.ActiveCfg = Production
		{E828CBBE-C480-45BF-9FAD-4C897D488342}.Release|Any CPU.Build.0 = Production
		{E828CBBE-C480-45BF-9FAD-4C897D488342}.Release|Mixed Platforms.ActiveCfg = Production
		{E828CBBE-C480-45BF-9FAD-4C897D488342}.Release|Mixed Platforms.Build.0 = Production
		{E828CBBE-C480-45BF-9FAD-4C897D488342}.Release|x86.ActiveCfg = Production
		{E828CBBE-C480-45BF-9FAD-4C897D488342}.Release|x86.Build.0 = Production
		{E828CBBE-C480-45BF-9FAD-4C897D488342}.UAT|Any CPU.ActiveCfg = UAT
		{E828CBBE-C480-45BF-9FAD-4C897D488342}.UAT|Any CPU.Build.0 = UAT
		{E828CBBE-C480-45BF-9FAD-4C897D488342}.UAT|Mixed Platforms.ActiveCfg = UAT
		{E828CBBE-C480-45BF-9FAD-4C897D488342}.UAT|Mixed Platforms.Build.0 = UAT
		{E828CBBE-C480-45BF-9FAD-4C897D488342}.UAT|x86.ActiveCfg = UAT
		{E828CBBE-C480-45BF-9FAD-4C897D488342}.UAT|x86.Build.0 = UAT
		{E1CC4A8C-3AF9-4FF2-B66B-BFCA2648BB2E}.Debug|Any CPU.ActiveCfg = Debug|Any CPU
		{E1CC4A8C-3AF9-4FF2-B66B-BFCA2648BB2E}.Debug|Any CPU.Build.0 = Debug|Any CPU
		{E1CC4A8C-3AF9-4FF2-B66B-BFCA2648BB2E}.Debug|Any CPU.Deploy.0 = Debug|Any CPU
		{E1CC4A8C-3AF9-4FF2-B66B-BFCA2648BB2E}.Debug|Mixed Platforms.ActiveCfg = Debug|Any CPU
		{E1CC4A8C-3AF9-4FF2-B66B-BFCA2648BB2E}.Debug|Mixed Platforms.Build.0 = Debug|Any CPU
		{E1CC4A8C-3AF9-4FF2-B66B-BFCA2648BB2E}.Debug|Mixed Platforms.Deploy.0 = Debug|Any CPU
		{E1CC4A8C-3AF9-4FF2-B66B-BFCA2648BB2E}.Debug|x86.ActiveCfg = Debug|Any CPU
		{E1CC4A8C-3AF9-4FF2-B66B-BFCA2648BB2E}.Development|Any CPU.ActiveCfg = Debug|Any CPU
		{E1CC4A8C-3AF9-4FF2-B66B-BFCA2648BB2E}.Development|Any CPU.Build.0 = Debug|Any CPU
		{E1CC4A8C-3AF9-4FF2-B66B-BFCA2648BB2E}.Development|Any CPU.Deploy.0 = Debug|Any CPU
		{E1CC4A8C-3AF9-4FF2-B66B-BFCA2648BB2E}.Development|Mixed Platforms.ActiveCfg = Debug|Any CPU
		{E1CC4A8C-3AF9-4FF2-B66B-BFCA2648BB2E}.Development|Mixed Platforms.Build.0 = Debug|Any CPU
		{E1CC4A8C-3AF9-4FF2-B66B-BFCA2648BB2E}.Development|Mixed Platforms.Deploy.0 = Debug|Any CPU
		{E1CC4A8C-3AF9-4FF2-B66B-BFCA2648BB2E}.Development|x86.ActiveCfg = Debug|Any CPU
		{E1CC4A8C-3AF9-4FF2-B66B-BFCA2648BB2E}.Production|Any CPU.ActiveCfg = Production|Any CPU
		{E1CC4A8C-3AF9-4FF2-B66B-BFCA2648BB2E}.Production|Any CPU.Build.0 = Production|Any CPU
		{E1CC4A8C-3AF9-4FF2-B66B-BFCA2648BB2E}.Production|Any CPU.Deploy.0 = Production|Any CPU
		{E1CC4A8C-3AF9-4FF2-B66B-BFCA2648BB2E}.Production|Mixed Platforms.ActiveCfg = Production|Any CPU
		{E1CC4A8C-3AF9-4FF2-B66B-BFCA2648BB2E}.Production|Mixed Platforms.Build.0 = Production|Any CPU
		{E1CC4A8C-3AF9-4FF2-B66B-BFCA2648BB2E}.Production|Mixed Platforms.Deploy.0 = Production|Any CPU
		{E1CC4A8C-3AF9-4FF2-B66B-BFCA2648BB2E}.Production|x86.ActiveCfg = Production|Any CPU
		{E1CC4A8C-3AF9-4FF2-B66B-BFCA2648BB2E}.Productoin|Any CPU.ActiveCfg = Productoin|Any CPU
		{E1CC4A8C-3AF9-4FF2-B66B-BFCA2648BB2E}.Productoin|Any CPU.Build.0 = Productoin|Any CPU
		{E1CC4A8C-3AF9-4FF2-B66B-BFCA2648BB2E}.Productoin|Any CPU.Deploy.0 = Productoin|Any CPU
		{E1CC4A8C-3AF9-4FF2-B66B-BFCA2648BB2E}.Productoin|Mixed Platforms.ActiveCfg = Productoin|Any CPU
		{E1CC4A8C-3AF9-4FF2-B66B-BFCA2648BB2E}.Productoin|Mixed Platforms.Build.0 = Productoin|Any CPU
		{E1CC4A8C-3AF9-4FF2-B66B-BFCA2648BB2E}.Productoin|Mixed Platforms.Deploy.0 = Productoin|Any CPU
		{E1CC4A8C-3AF9-4FF2-B66B-BFCA2648BB2E}.Productoin|x86.ActiveCfg = Productoin|Any CPU
		{E1CC4A8C-3AF9-4FF2-B66B-BFCA2648BB2E}.Release|Any CPU.ActiveCfg = Release|Any CPU
		{E1CC4A8C-3AF9-4FF2-B66B-BFCA2648BB2E}.Release|Any CPU.Build.0 = Release|Any CPU
		{E1CC4A8C-3AF9-4FF2-B66B-BFCA2648BB2E}.Release|Any CPU.Deploy.0 = Release|Any CPU
		{E1CC4A8C-3AF9-4FF2-B66B-BFCA2648BB2E}.Release|Mixed Platforms.ActiveCfg = Release|Any CPU
		{E1CC4A8C-3AF9-4FF2-B66B-BFCA2648BB2E}.Release|Mixed Platforms.Build.0 = Release|Any CPU
		{E1CC4A8C-3AF9-4FF2-B66B-BFCA2648BB2E}.Release|Mixed Platforms.Deploy.0 = Release|Any CPU
		{E1CC4A8C-3AF9-4FF2-B66B-BFCA2648BB2E}.Release|x86.ActiveCfg = Release|Any CPU
		{E1CC4A8C-3AF9-4FF2-B66B-BFCA2648BB2E}.UAT|Any CPU.ActiveCfg = UAT|Any CPU
		{E1CC4A8C-3AF9-4FF2-B66B-BFCA2648BB2E}.UAT|Any CPU.Build.0 = UAT|Any CPU
		{E1CC4A8C-3AF9-4FF2-B66B-BFCA2648BB2E}.UAT|Any CPU.Deploy.0 = UAT|Any CPU
		{E1CC4A8C-3AF9-4FF2-B66B-BFCA2648BB2E}.UAT|Mixed Platforms.ActiveCfg = UAT|Any CPU
		{E1CC4A8C-3AF9-4FF2-B66B-BFCA2648BB2E}.UAT|Mixed Platforms.Build.0 = UAT|Any CPU
		{E1CC4A8C-3AF9-4FF2-B66B-BFCA2648BB2E}.UAT|Mixed Platforms.Deploy.0 = UAT|Any CPU
		{E1CC4A8C-3AF9-4FF2-B66B-BFCA2648BB2E}.UAT|x86.ActiveCfg = UAT|Any CPU
		{04A8CB7E-003E-44CB-8ADA-90720A6D56F1}.Debug|Any CPU.ActiveCfg = Debug|Any CPU
		{04A8CB7E-003E-44CB-8ADA-90720A6D56F1}.Debug|Any CPU.Build.0 = Debug|Any CPU
		{04A8CB7E-003E-44CB-8ADA-90720A6D56F1}.Debug|Any CPU.Deploy.0 = Debug|Any CPU
		{04A8CB7E-003E-44CB-8ADA-90720A6D56F1}.Debug|Mixed Platforms.ActiveCfg = Debug|Any CPU
		{04A8CB7E-003E-44CB-8ADA-90720A6D56F1}.Debug|Mixed Platforms.Build.0 = Debug|Any CPU
		{04A8CB7E-003E-44CB-8ADA-90720A6D56F1}.Debug|Mixed Platforms.Deploy.0 = Debug|Any CPU
		{04A8CB7E-003E-44CB-8ADA-90720A6D56F1}.Debug|x86.ActiveCfg = Debug|Any CPU
		{04A8CB7E-003E-44CB-8ADA-90720A6D56F1}.Development|Any CPU.ActiveCfg = Debug|Any CPU
		{04A8CB7E-003E-44CB-8ADA-90720A6D56F1}.Development|Any CPU.Build.0 = Debug|Any CPU
		{04A8CB7E-003E-44CB-8ADA-90720A6D56F1}.Development|Any CPU.Deploy.0 = Debug|Any CPU
		{04A8CB7E-003E-44CB-8ADA-90720A6D56F1}.Development|Mixed Platforms.ActiveCfg = Debug|Any CPU
		{04A8CB7E-003E-44CB-8ADA-90720A6D56F1}.Development|Mixed Platforms.Build.0 = Debug|Any CPU
		{04A8CB7E-003E-44CB-8ADA-90720A6D56F1}.Development|Mixed Platforms.Deploy.0 = Debug|Any CPU
		{04A8CB7E-003E-44CB-8ADA-90720A6D56F1}.Development|x86.ActiveCfg = Debug|Any CPU
		{04A8CB7E-003E-44CB-8ADA-90720A6D56F1}.Production|Any CPU.ActiveCfg = Debug|Any CPU
		{04A8CB7E-003E-44CB-8ADA-90720A6D56F1}.Production|Any CPU.Build.0 = Debug|Any CPU
		{04A8CB7E-003E-44CB-8ADA-90720A6D56F1}.Production|Any CPU.Deploy.0 = Debug|Any CPU
		{04A8CB7E-003E-44CB-8ADA-90720A6D56F1}.Production|Mixed Platforms.ActiveCfg = Debug|Any CPU
		{04A8CB7E-003E-44CB-8ADA-90720A6D56F1}.Production|Mixed Platforms.Build.0 = Debug|Any CPU
		{04A8CB7E-003E-44CB-8ADA-90720A6D56F1}.Production|Mixed Platforms.Deploy.0 = Debug|Any CPU
		{04A8CB7E-003E-44CB-8ADA-90720A6D56F1}.Production|x86.ActiveCfg = Debug|Any CPU
		{04A8CB7E-003E-44CB-8ADA-90720A6D56F1}.Productoin|Any CPU.ActiveCfg = Debug|Any CPU
		{04A8CB7E-003E-44CB-8ADA-90720A6D56F1}.Productoin|Any CPU.Build.0 = Debug|Any CPU
		{04A8CB7E-003E-44CB-8ADA-90720A6D56F1}.Productoin|Any CPU.Deploy.0 = Debug|Any CPU
		{04A8CB7E-003E-44CB-8ADA-90720A6D56F1}.Productoin|Mixed Platforms.ActiveCfg = Debug|Any CPU
		{04A8CB7E-003E-44CB-8ADA-90720A6D56F1}.Productoin|Mixed Platforms.Build.0 = Debug|Any CPU
		{04A8CB7E-003E-44CB-8ADA-90720A6D56F1}.Productoin|Mixed Platforms.Deploy.0 = Debug|Any CPU
		{04A8CB7E-003E-44CB-8ADA-90720A6D56F1}.Productoin|x86.ActiveCfg = Debug|Any CPU
		{04A8CB7E-003E-44CB-8ADA-90720A6D56F1}.Release|Any CPU.ActiveCfg = Release|Any CPU
		{04A8CB7E-003E-44CB-8ADA-90720A6D56F1}.Release|Any CPU.Build.0 = Release|Any CPU
		{04A8CB7E-003E-44CB-8ADA-90720A6D56F1}.Release|Any CPU.Deploy.0 = Release|Any CPU
		{04A8CB7E-003E-44CB-8ADA-90720A6D56F1}.Release|Mixed Platforms.ActiveCfg = Release|Any CPU
		{04A8CB7E-003E-44CB-8ADA-90720A6D56F1}.Release|Mixed Platforms.Build.0 = Release|Any CPU
		{04A8CB7E-003E-44CB-8ADA-90720A6D56F1}.Release|Mixed Platforms.Deploy.0 = Release|Any CPU
		{04A8CB7E-003E-44CB-8ADA-90720A6D56F1}.Release|x86.ActiveCfg = Release|Any CPU
		{04A8CB7E-003E-44CB-8ADA-90720A6D56F1}.UAT|Any CPU.ActiveCfg = Debug|Any CPU
		{04A8CB7E-003E-44CB-8ADA-90720A6D56F1}.UAT|Any CPU.Build.0 = Debug|Any CPU
		{04A8CB7E-003E-44CB-8ADA-90720A6D56F1}.UAT|Any CPU.Deploy.0 = Debug|Any CPU
		{04A8CB7E-003E-44CB-8ADA-90720A6D56F1}.UAT|Mixed Platforms.ActiveCfg = Debug|Any CPU
		{04A8CB7E-003E-44CB-8ADA-90720A6D56F1}.UAT|Mixed Platforms.Build.0 = Debug|Any CPU
		{04A8CB7E-003E-44CB-8ADA-90720A6D56F1}.UAT|Mixed Platforms.Deploy.0 = Debug|Any CPU
		{04A8CB7E-003E-44CB-8ADA-90720A6D56F1}.UAT|x86.ActiveCfg = Debug|Any CPU
		{9033DB60-4D06-4C65-8507-7E95077B659E}.Debug|Any CPU.ActiveCfg = Debug|Any CPU
		{9033DB60-4D06-4C65-8507-7E95077B659E}.Debug|Any CPU.Build.0 = Debug|Any CPU
		{9033DB60-4D06-4C65-8507-7E95077B659E}.Debug|Any CPU.Deploy.0 = Debug|Any CPU
		{9033DB60-4D06-4C65-8507-7E95077B659E}.Debug|Mixed Platforms.ActiveCfg = Debug|Any CPU
		{9033DB60-4D06-4C65-8507-7E95077B659E}.Debug|Mixed Platforms.Build.0 = Debug|Any CPU
		{9033DB60-4D06-4C65-8507-7E95077B659E}.Debug|Mixed Platforms.Deploy.0 = Debug|Any CPU
		{9033DB60-4D06-4C65-8507-7E95077B659E}.Debug|x86.ActiveCfg = Debug|Any CPU
		{9033DB60-4D06-4C65-8507-7E95077B659E}.Development|Any CPU.ActiveCfg = Debug|Any CPU
		{9033DB60-4D06-4C65-8507-7E95077B659E}.Development|Any CPU.Build.0 = Debug|Any CPU
		{9033DB60-4D06-4C65-8507-7E95077B659E}.Development|Any CPU.Deploy.0 = Debug|Any CPU
		{9033DB60-4D06-4C65-8507-7E95077B659E}.Development|Mixed Platforms.ActiveCfg = Debug|Any CPU
		{9033DB60-4D06-4C65-8507-7E95077B659E}.Development|Mixed Platforms.Build.0 = Debug|Any CPU
		{9033DB60-4D06-4C65-8507-7E95077B659E}.Development|Mixed Platforms.Deploy.0 = Debug|Any CPU
		{9033DB60-4D06-4C65-8507-7E95077B659E}.Development|x86.ActiveCfg = Debug|Any CPU
		{9033DB60-4D06-4C65-8507-7E95077B659E}.Production|Any CPU.ActiveCfg = Debug|Any CPU
		{9033DB60-4D06-4C65-8507-7E95077B659E}.Production|Any CPU.Build.0 = Debug|Any CPU
		{9033DB60-4D06-4C65-8507-7E95077B659E}.Production|Any CPU.Deploy.0 = Debug|Any CPU
		{9033DB60-4D06-4C65-8507-7E95077B659E}.Production|Mixed Platforms.ActiveCfg = Debug|Any CPU
		{9033DB60-4D06-4C65-8507-7E95077B659E}.Production|Mixed Platforms.Build.0 = Debug|Any CPU
		{9033DB60-4D06-4C65-8507-7E95077B659E}.Production|Mixed Platforms.Deploy.0 = Debug|Any CPU
		{9033DB60-4D06-4C65-8507-7E95077B659E}.Production|x86.ActiveCfg = Debug|Any CPU
		{9033DB60-4D06-4C65-8507-7E95077B659E}.Productoin|Any CPU.ActiveCfg = Debug|Any CPU
		{9033DB60-4D06-4C65-8507-7E95077B659E}.Productoin|Any CPU.Build.0 = Debug|Any CPU
		{9033DB60-4D06-4C65-8507-7E95077B659E}.Productoin|Any CPU.Deploy.0 = Debug|Any CPU
		{9033DB60-4D06-4C65-8507-7E95077B659E}.Productoin|Mixed Platforms.ActiveCfg = Debug|Any CPU
		{9033DB60-4D06-4C65-8507-7E95077B659E}.Productoin|Mixed Platforms.Build.0 = Debug|Any CPU
		{9033DB60-4D06-4C65-8507-7E95077B659E}.Productoin|Mixed Platforms.Deploy.0 = Debug|Any CPU
		{9033DB60-4D06-4C65-8507-7E95077B659E}.Productoin|x86.ActiveCfg = Debug|Any CPU
		{9033DB60-4D06-4C65-8507-7E95077B659E}.Release|Any CPU.ActiveCfg = Release|Any CPU
		{9033DB60-4D06-4C65-8507-7E95077B659E}.Release|Any CPU.Build.0 = Release|Any CPU
		{9033DB60-4D06-4C65-8507-7E95077B659E}.Release|Any CPU.Deploy.0 = Release|Any CPU
		{9033DB60-4D06-4C65-8507-7E95077B659E}.Release|Mixed Platforms.ActiveCfg = Release|Any CPU
		{9033DB60-4D06-4C65-8507-7E95077B659E}.Release|Mixed Platforms.Build.0 = Release|Any CPU
		{9033DB60-4D06-4C65-8507-7E95077B659E}.Release|Mixed Platforms.Deploy.0 = Release|Any CPU
		{9033DB60-4D06-4C65-8507-7E95077B659E}.Release|x86.ActiveCfg = Release|Any CPU
		{9033DB60-4D06-4C65-8507-7E95077B659E}.UAT|Any CPU.ActiveCfg = Debug|Any CPU
		{9033DB60-4D06-4C65-8507-7E95077B659E}.UAT|Any CPU.Build.0 = Debug|Any CPU
		{9033DB60-4D06-4C65-8507-7E95077B659E}.UAT|Any CPU.Deploy.0 = Debug|Any CPU
		{9033DB60-4D06-4C65-8507-7E95077B659E}.UAT|Mixed Platforms.ActiveCfg = Debug|Any CPU
		{9033DB60-4D06-4C65-8507-7E95077B659E}.UAT|Mixed Platforms.Build.0 = Debug|Any CPU
		{9033DB60-4D06-4C65-8507-7E95077B659E}.UAT|Mixed Platforms.Deploy.0 = Debug|Any CPU
		{9033DB60-4D06-4C65-8507-7E95077B659E}.UAT|x86.ActiveCfg = Debug|Any CPU
		{2A5AC230-4227-4DEE-A30C-B91F6CD51130}.Debug|Any CPU.ActiveCfg = Development
		{2A5AC230-4227-4DEE-A30C-B91F6CD51130}.Debug|Any CPU.Build.0 = Development
		{2A5AC230-4227-4DEE-A30C-B91F6CD51130}.Debug|Mixed Platforms.ActiveCfg = Development
		{2A5AC230-4227-4DEE-A30C-B91F6CD51130}.Debug|Mixed Platforms.Build.0 = Development
		{2A5AC230-4227-4DEE-A30C-B91F6CD51130}.Debug|x86.ActiveCfg = Development
		{2A5AC230-4227-4DEE-A30C-B91F6CD51130}.Debug|x86.Build.0 = Development
		{2A5AC230-4227-4DEE-A30C-B91F6CD51130}.Development|Any CPU.ActiveCfg = Development
		{2A5AC230-4227-4DEE-A30C-B91F6CD51130}.Development|Any CPU.Build.0 = Development
		{2A5AC230-4227-4DEE-A30C-B91F6CD51130}.Development|Mixed Platforms.ActiveCfg = Development
		{2A5AC230-4227-4DEE-A30C-B91F6CD51130}.Development|Mixed Platforms.Build.0 = Development
		{2A5AC230-4227-4DEE-A30C-B91F6CD51130}.Development|x86.ActiveCfg = Development
		{2A5AC230-4227-4DEE-A30C-B91F6CD51130}.Development|x86.Build.0 = Development
		{2A5AC230-4227-4DEE-A30C-B91F6CD51130}.Production|Any CPU.ActiveCfg = Development
		{2A5AC230-4227-4DEE-A30C-B91F6CD51130}.Production|Any CPU.Build.0 = Development
		{2A5AC230-4227-4DEE-A30C-B91F6CD51130}.Production|Mixed Platforms.ActiveCfg = Development
		{2A5AC230-4227-4DEE-A30C-B91F6CD51130}.Production|Mixed Platforms.Build.0 = Development
		{2A5AC230-4227-4DEE-A30C-B91F6CD51130}.Production|x86.ActiveCfg = Development
		{2A5AC230-4227-4DEE-A30C-B91F6CD51130}.Production|x86.Build.0 = Development
		{2A5AC230-4227-4DEE-A30C-B91F6CD51130}.Productoin|Any CPU.ActiveCfg = Development
		{2A5AC230-4227-4DEE-A30C-B91F6CD51130}.Productoin|Any CPU.Build.0 = Development
		{2A5AC230-4227-4DEE-A30C-B91F6CD51130}.Productoin|Mixed Platforms.ActiveCfg = Development
		{2A5AC230-4227-4DEE-A30C-B91F6CD51130}.Productoin|Mixed Platforms.Build.0 = Development
		{2A5AC230-4227-4DEE-A30C-B91F6CD51130}.Productoin|x86.ActiveCfg = Development
		{2A5AC230-4227-4DEE-A30C-B91F6CD51130}.Productoin|x86.Build.0 = Development
		{2A5AC230-4227-4DEE-A30C-B91F6CD51130}.Release|Any CPU.ActiveCfg = Development
		{2A5AC230-4227-4DEE-A30C-B91F6CD51130}.Release|Any CPU.Build.0 = Development
		{2A5AC230-4227-4DEE-A30C-B91F6CD51130}.Release|Mixed Platforms.ActiveCfg = Development
		{2A5AC230-4227-4DEE-A30C-B91F6CD51130}.Release|Mixed Platforms.Build.0 = Development
		{2A5AC230-4227-4DEE-A30C-B91F6CD51130}.Release|x86.ActiveCfg = Development
		{2A5AC230-4227-4DEE-A30C-B91F6CD51130}.Release|x86.Build.0 = Development
		{2A5AC230-4227-4DEE-A30C-B91F6CD51130}.UAT|Any CPU.ActiveCfg = Development
		{2A5AC230-4227-4DEE-A30C-B91F6CD51130}.UAT|Any CPU.Build.0 = Development
		{2A5AC230-4227-4DEE-A30C-B91F6CD51130}.UAT|Mixed Platforms.ActiveCfg = Development
		{2A5AC230-4227-4DEE-A30C-B91F6CD51130}.UAT|Mixed Platforms.Build.0 = Development
		{2A5AC230-4227-4DEE-A30C-B91F6CD51130}.UAT|x86.ActiveCfg = Development
		{2A5AC230-4227-4DEE-A30C-B91F6CD51130}.UAT|x86.Build.0 = Development
		{B8B5EA76-2C4F-44EE-9A08-E5B90448A437}.Debug|Any CPU.ActiveCfg = Development
		{B8B5EA76-2C4F-44EE-9A08-E5B90448A437}.Debug|Any CPU.Build.0 = Development
		{B8B5EA76-2C4F-44EE-9A08-E5B90448A437}.Debug|Mixed Platforms.ActiveCfg = Development
		{B8B5EA76-2C4F-44EE-9A08-E5B90448A437}.Debug|Mixed Platforms.Build.0 = Development
		{B8B5EA76-2C4F-44EE-9A08-E5B90448A437}.Debug|x86.ActiveCfg = Development
		{B8B5EA76-2C4F-44EE-9A08-E5B90448A437}.Debug|x86.Build.0 = Development
		{B8B5EA76-2C4F-44EE-9A08-E5B90448A437}.Development|Any CPU.ActiveCfg = Development
		{B8B5EA76-2C4F-44EE-9A08-E5B90448A437}.Development|Any CPU.Build.0 = Development
		{B8B5EA76-2C4F-44EE-9A08-E5B90448A437}.Development|Mixed Platforms.ActiveCfg = Development
		{B8B5EA76-2C4F-44EE-9A08-E5B90448A437}.Development|Mixed Platforms.Build.0 = Development
		{B8B5EA76-2C4F-44EE-9A08-E5B90448A437}.Development|x86.ActiveCfg = Development
		{B8B5EA76-2C4F-44EE-9A08-E5B90448A437}.Development|x86.Build.0 = Development
		{B8B5EA76-2C4F-44EE-9A08-E5B90448A437}.Production|Any CPU.ActiveCfg = Development
		{B8B5EA76-2C4F-44EE-9A08-E5B90448A437}.Production|Any CPU.Build.0 = Development
		{B8B5EA76-2C4F-44EE-9A08-E5B90448A437}.Production|Mixed Platforms.ActiveCfg = Development
		{B8B5EA76-2C4F-44EE-9A08-E5B90448A437}.Production|Mixed Platforms.Build.0 = Development
		{B8B5EA76-2C4F-44EE-9A08-E5B90448A437}.Production|x86.ActiveCfg = Development
		{B8B5EA76-2C4F-44EE-9A08-E5B90448A437}.Production|x86.Build.0 = Development
		{B8B5EA76-2C4F-44EE-9A08-E5B90448A437}.Productoin|Any CPU.ActiveCfg = Development
		{B8B5EA76-2C4F-44EE-9A08-E5B90448A437}.Productoin|Any CPU.Build.0 = Development
		{B8B5EA76-2C4F-44EE-9A08-E5B90448A437}.Productoin|Mixed Platforms.ActiveCfg = Development
		{B8B5EA76-2C4F-44EE-9A08-E5B90448A437}.Productoin|Mixed Platforms.Build.0 = Development
		{B8B5EA76-2C4F-44EE-9A08-E5B90448A437}.Productoin|x86.ActiveCfg = Development
		{B8B5EA76-2C4F-44EE-9A08-E5B90448A437}.Productoin|x86.Build.0 = Development
		{B8B5EA76-2C4F-44EE-9A08-E5B90448A437}.Release|Any CPU.ActiveCfg = Development
		{B8B5EA76-2C4F-44EE-9A08-E5B90448A437}.Release|Any CPU.Build.0 = Development
		{B8B5EA76-2C4F-44EE-9A08-E5B90448A437}.Release|Mixed Platforms.ActiveCfg = Development
		{B8B5EA76-2C4F-44EE-9A08-E5B90448A437}.Release|Mixed Platforms.Build.0 = Development
		{B8B5EA76-2C4F-44EE-9A08-E5B90448A437}.Release|x86.ActiveCfg = Development
		{B8B5EA76-2C4F-44EE-9A08-E5B90448A437}.Release|x86.Build.0 = Development
		{B8B5EA76-2C4F-44EE-9A08-E5B90448A437}.UAT|Any CPU.ActiveCfg = Development
		{B8B5EA76-2C4F-44EE-9A08-E5B90448A437}.UAT|Any CPU.Build.0 = Development
		{B8B5EA76-2C4F-44EE-9A08-E5B90448A437}.UAT|Mixed Platforms.ActiveCfg = Development
		{B8B5EA76-2C4F-44EE-9A08-E5B90448A437}.UAT|Mixed Platforms.Build.0 = Development
		{B8B5EA76-2C4F-44EE-9A08-E5B90448A437}.UAT|x86.ActiveCfg = Development
		{B8B5EA76-2C4F-44EE-9A08-E5B90448A437}.UAT|x86.Build.0 = Development
		{04D9758C-850A-4AAD-A475-F112A20FCC70}.Debug|Any CPU.ActiveCfg = Development
		{04D9758C-850A-4AAD-A475-F112A20FCC70}.Debug|Any CPU.Build.0 = Development
		{04D9758C-850A-4AAD-A475-F112A20FCC70}.Debug|Mixed Platforms.ActiveCfg = Development
		{04D9758C-850A-4AAD-A475-F112A20FCC70}.Debug|Mixed Platforms.Build.0 = Development
		{04D9758C-850A-4AAD-A475-F112A20FCC70}.Debug|x86.ActiveCfg = Development
		{04D9758C-850A-4AAD-A475-F112A20FCC70}.Debug|x86.Build.0 = Development
		{04D9758C-850A-4AAD-A475-F112A20FCC70}.Development|Any CPU.ActiveCfg = Development
		{04D9758C-850A-4AAD-A475-F112A20FCC70}.Development|Any CPU.Build.0 = Development
		{04D9758C-850A-4AAD-A475-F112A20FCC70}.Development|Mixed Platforms.ActiveCfg = Development
		{04D9758C-850A-4AAD-A475-F112A20FCC70}.Development|Mixed Platforms.Build.0 = Development
		{04D9758C-850A-4AAD-A475-F112A20FCC70}.Development|x86.ActiveCfg = Development
		{04D9758C-850A-4AAD-A475-F112A20FCC70}.Development|x86.Build.0 = Development
		{04D9758C-850A-4AAD-A475-F112A20FCC70}.Production|Any CPU.ActiveCfg = Development
		{04D9758C-850A-4AAD-A475-F112A20FCC70}.Production|Any CPU.Build.0 = Development
		{04D9758C-850A-4AAD-A475-F112A20FCC70}.Production|Mixed Platforms.ActiveCfg = Development
		{04D9758C-850A-4AAD-A475-F112A20FCC70}.Production|Mixed Platforms.Build.0 = Development
		{04D9758C-850A-4AAD-A475-F112A20FCC70}.Production|x86.ActiveCfg = Development
		{04D9758C-850A-4AAD-A475-F112A20FCC70}.Production|x86.Build.0 = Development
		{04D9758C-850A-4AAD-A475-F112A20FCC70}.Productoin|Any CPU.ActiveCfg = Development
		{04D9758C-850A-4AAD-A475-F112A20FCC70}.Productoin|Any CPU.Build.0 = Development
		{04D9758C-850A-4AAD-A475-F112A20FCC70}.Productoin|Mixed Platforms.ActiveCfg = Development
		{04D9758C-850A-4AAD-A475-F112A20FCC70}.Productoin|Mixed Platforms.Build.0 = Development
		{04D9758C-850A-4AAD-A475-F112A20FCC70}.Productoin|x86.ActiveCfg = Development
		{04D9758C-850A-4AAD-A475-F112A20FCC70}.Productoin|x86.Build.0 = Development
		{04D9758C-850A-4AAD-A475-F112A20FCC70}.Release|Any CPU.ActiveCfg = Development
		{04D9758C-850A-4AAD-A475-F112A20FCC70}.Release|Any CPU.Build.0 = Development
		{04D9758C-850A-4AAD-A475-F112A20FCC70}.Release|Mixed Platforms.ActiveCfg = Development
		{04D9758C-850A-4AAD-A475-F112A20FCC70}.Release|Mixed Platforms.Build.0 = Development
		{04D9758C-850A-4AAD-A475-F112A20FCC70}.Release|x86.ActiveCfg = Development
		{04D9758C-850A-4AAD-A475-F112A20FCC70}.Release|x86.Build.0 = Development
		{04D9758C-850A-4AAD-A475-F112A20FCC70}.UAT|Any CPU.ActiveCfg = Development
		{04D9758C-850A-4AAD-A475-F112A20FCC70}.UAT|Any CPU.Build.0 = Development
		{04D9758C-850A-4AAD-A475-F112A20FCC70}.UAT|Mixed Platforms.ActiveCfg = Development
		{04D9758C-850A-4AAD-A475-F112A20FCC70}.UAT|Mixed Platforms.Build.0 = Development
		{04D9758C-850A-4AAD-A475-F112A20FCC70}.UAT|x86.ActiveCfg = Development
		{04D9758C-850A-4AAD-A475-F112A20FCC70}.UAT|x86.Build.0 = Development
	EndGlobalSection
	GlobalSection(SolutionProperties) = preSolution
		HideSolutionNode = FALSE
	EndGlobalSection
	GlobalSection(NestedProjects) = preSolution
		{FF43F8C2-D282-4E45-A437-D098B3129640} = {06A4240A-CB2C-474D-83B0-CB0CDBD6E11F}
		{8CE414BB-95B2-4C99-9E03-51BA72086E22} = {B3775420-3A7F-49C1-A0C5-82C4EC390718}
		{83EAA3F6-54DC-482B-A778-31A5DF14F599} = {B3775420-3A7F-49C1-A0C5-82C4EC390718}
		{F5E850E2-1E04-4C44-8F34-B6DB2DB37DB1} = {4799BC22-C493-442F-BF86-847077354497}
		{1C3B0AE9-C3E9-4FF5-A3B6-996FD87C2FD7} = {4799BC22-C493-442F-BF86-847077354497}
		{E828CBBE-C480-45BF-9FAD-4C897D488342} = {06A4240A-CB2C-474D-83B0-CB0CDBD6E11F}
		{E1CC4A8C-3AF9-4FF2-B66B-BFCA2648BB2E} = {4799BC22-C493-442F-BF86-847077354497}
		{04A8CB7E-003E-44CB-8ADA-90720A6D56F1} = {4799BC22-C493-442F-BF86-847077354497}
		{9033DB60-4D06-4C65-8507-7E95077B659E} = {4799BC22-C493-442F-BF86-847077354497}
		{2A5AC230-4227-4DEE-A30C-B91F6CD51130} = {06A4240A-CB2C-474D-83B0-CB0CDBD6E11F}
		{B8B5EA76-2C4F-44EE-9A08-E5B90448A437} = {06A4240A-CB2C-474D-83B0-CB0CDBD6E11F}
		{04D9758C-850A-4AAD-A475-F112A20FCC70} = {06A4240A-CB2C-474D-83B0-CB0CDBD6E11F}
	EndGlobalSection
EndGlobal
